// !$*UTF8*$!
{
	archiveVersion = 1;
	classes = {
	};
	objectVersion = 56;
	objects = {

/* Begin PBXBuildFile section */
		E08A4F902C2251630093FD6C /* AppDelegate.swift in Sources */ = {isa = PBXBuildFile; fileRef = E08A4F8F2C2251630093FD6C /* AppDelegate.swift */; };
		E08A4F922C2251630093FD6C /* SceneDelegate.swift in Sources */ = {isa = PBXBuildFile; fileRef = E08A4F912C2251630093FD6C /* SceneDelegate.swift */; };
		E08A4F942C2251630093FD6C /* LoginUseCase.swift in Sources */ = {isa = PBXBuildFile; fileRef = E08A4F932C2251630093FD6C /* LoginUseCase.swift */; };
		E08A4F972C2251630093FD6C /* Main.storyboard in Resources */ = {isa = PBXBuildFile; fileRef = E08A4F952C2251630093FD6C /* Main.storyboard */; };
		E08A4F992C2251650093FD6C /* Assets.xcassets in Resources */ = {isa = PBXBuildFile; fileRef = E08A4F982C2251650093FD6C /* Assets.xcassets */; };
		E08A4F9C2C2251650093FD6C /* LaunchScreen.storyboard in Resources */ = {isa = PBXBuildFile; fileRef = E08A4F9A2C2251650093FD6C /* LaunchScreen.storyboard */; };
		E08A4FA72C2251650093FD6C /* LoginUseCaseOutputComposerTests.swift in Sources */ = {isa = PBXBuildFile; fileRef = E08A4FA62C2251650093FD6C /* LoginUseCaseOutputComposerTests.swift */; };
		E08A4FB12C2251650093FD6C /* LoginArchitectureAndTestsUITests.swift in Sources */ = {isa = PBXBuildFile; fileRef = E08A4FB02C2251650093FD6C /* LoginArchitectureAndTestsUITests.swift */; };
		E08A4FB32C2251650093FD6C /* LoginArchitectureAndTestsUITestsLaunchTests.swift in Sources */ = {isa = PBXBuildFile; fileRef = E08A4FB22C2251650093FD6C /* LoginArchitectureAndTestsUITestsLaunchTests.swift */; };
		E08A4FC02C2252A90093FD6C /* LoginPresenter.swift in Sources */ = {isa = PBXBuildFile; fileRef = E08A4FBF2C2252A90093FD6C /* LoginPresenter.swift */; };
		E08A4FC22C22535D0093FD6C /* LoginCrashlyticsTracker.swift in Sources */ = {isa = PBXBuildFile; fileRef = E08A4FC12C22535D0093FD6C /* LoginCrashlyticsTracker.swift */; };
		E08A4FC42C2253D20093FD6C /* LoginFirebaseAnalyticsTracker.swift in Sources */ = {isa = PBXBuildFile; fileRef = E08A4FC32C2253D20093FD6C /* LoginFirebaseAnalyticsTracker.swift */; };
		E08A4FC62C2258270093FD6C /* LoginUseCaseComposerDelegate.swift in Sources */ = {isa = PBXBuildFile; fileRef = E08A4FC52C2258270093FD6C /* LoginUseCaseComposerDelegate.swift */; };
/* End PBXBuildFile section */

/* Begin PBXContainerItemProxy section */
		E08A4FA32C2251650093FD6C /* PBXContainerItemProxy */ = {
			isa = PBXContainerItemProxy;
			containerPortal = E08A4F842C2251630093FD6C /* Project object */;
			proxyType = 1;
			remoteGlobalIDString = E08A4F8B2C2251630093FD6C;
			remoteInfo = LoginArchitectureAndTests;
		};
		E08A4FAD2C2251650093FD6C /* PBXContainerItemProxy */ = {
			isa = PBXContainerItemProxy;
			containerPortal = E08A4F842C2251630093FD6C /* Project object */;
			proxyType = 1;
			remoteGlobalIDString = E08A4F8B2C2251630093FD6C;
			remoteInfo = LoginArchitectureAndTests;
		};
/* End PBXContainerItemProxy section */

/* Begin PBXFileReference section */
		E08A4F8C2C2251630093FD6C /* LoginArchitectureAndTests.app */ = {isa = PBXFileReference; explicitFileType = wrapper.application; includeInIndex = 0; path = LoginArchitectureAndTests.app; sourceTree = BUILT_PRODUCTS_DIR; };
		E08A4F8F2C2251630093FD6C /* AppDelegate.swift */ = {isa = PBXFileReference; lastKnownFileType = sourcecode.swift; path = AppDelegate.swift; sourceTree = "<group>"; };
		E08A4F912C2251630093FD6C /* SceneDelegate.swift */ = {isa = PBXFileReference; lastKnownFileType = sourcecode.swift; path = SceneDelegate.swift; sourceTree = "<group>"; };
		E08A4F932C2251630093FD6C /* LoginUseCase.swift */ = {isa = PBXFileReference; lastKnownFileType = sourcecode.swift; path = LoginUseCase.swift; sourceTree = "<group>"; };
		E08A4F962C2251630093FD6C /* Base */ = {isa = PBXFileReference; lastKnownFileType = file.storyboard; name = Base; path = Base.lproj/Main.storyboard; sourceTree = "<group>"; };
		E08A4F982C2251650093FD6C /* Assets.xcassets */ = {isa = PBXFileReference; lastKnownFileType = folder.assetcatalog; path = Assets.xcassets; sourceTree = "<group>"; };
		E08A4F9B2C2251650093FD6C /* Base */ = {isa = PBXFileReference; lastKnownFileType = file.storyboard; name = Base; path = Base.lproj/LaunchScreen.storyboard; sourceTree = "<group>"; };
		E08A4F9D2C2251650093FD6C /* Info.plist */ = {isa = PBXFileReference; lastKnownFileType = text.plist.xml; path = Info.plist; sourceTree = "<group>"; };
		E08A4FA22C2251650093FD6C /* LoginArchitectureAndTestsTests.xctest */ = {isa = PBXFileReference; explicitFileType = wrapper.cfbundle; includeInIndex = 0; path = LoginArchitectureAndTestsTests.xctest; sourceTree = BUILT_PRODUCTS_DIR; };
		E08A4FA62C2251650093FD6C /* LoginUseCaseOutputComposerTests.swift */ = {isa = PBXFileReference; lastKnownFileType = sourcecode.swift; path = LoginUseCaseOutputComposerTests.swift; sourceTree = "<group>"; };
		E08A4FAC2C2251650093FD6C /* LoginArchitectureAndTestsUITests.xctest */ = {isa = PBXFileReference; explicitFileType = wrapper.cfbundle; includeInIndex = 0; path = LoginArchitectureAndTestsUITests.xctest; sourceTree = BUILT_PRODUCTS_DIR; };
		E08A4FB02C2251650093FD6C /* LoginArchitectureAndTestsUITests.swift */ = {isa = PBXFileReference; lastKnownFileType = sourcecode.swift; path = LoginArchitectureAndTestsUITests.swift; sourceTree = "<group>"; };
		E08A4FB22C2251650093FD6C /* LoginArchitectureAndTestsUITestsLaunchTests.swift */ = {isa = PBXFileReference; lastKnownFileType = sourcecode.swift; path = LoginArchitectureAndTestsUITestsLaunchTests.swift; sourceTree = "<group>"; };
		E08A4FBF2C2252A90093FD6C /* LoginPresenter.swift */ = {isa = PBXFileReference; lastKnownFileType = sourcecode.swift; path = LoginPresenter.swift; sourceTree = "<group>"; };
		E08A4FC12C22535D0093FD6C /* LoginCrashlyticsTracker.swift */ = {isa = PBXFileReference; lastKnownFileType = sourcecode.swift; path = LoginCrashlyticsTracker.swift; sourceTree = "<group>"; };
		E08A4FC32C2253D20093FD6C /* LoginFirebaseAnalyticsTracker.swift */ = {isa = PBXFileReference; lastKnownFileType = sourcecode.swift; path = LoginFirebaseAnalyticsTracker.swift; sourceTree = "<group>"; };
		E08A4FC52C2258270093FD6C /* LoginUseCaseComposerDelegate.swift */ = {isa = PBXFileReference; lastKnownFileType = sourcecode.swift; path = LoginUseCaseComposerDelegate.swift; sourceTree = "<group>"; };
/* End PBXFileReference section */

/* Begin PBXFrameworksBuildPhase section */
		E08A4F892C2251630093FD6C /* Frameworks */ = {
			isa = PBXFrameworksBuildPhase;
			buildActionMask = 2147483647;
			files = (
			);
			runOnlyForDeploymentPostprocessing = 0;
		};
		E08A4F9F2C2251650093FD6C /* Frameworks */ = {
			isa = PBXFrameworksBuildPhase;
			buildActionMask = 2147483647;
			files = (
			);
			runOnlyForDeploymentPostprocessing = 0;
		};
		E08A4FA92C2251650093FD6C /* Frameworks */ = {
			isa = PBXFrameworksBuildPhase;
			buildActionMask = 2147483647;
			files = (
			);
			runOnlyForDeploymentPostprocessing = 0;
		};
/* End PBXFrameworksBuildPhase section */

/* Begin PBXGroup section */
		E06F8D6F2C22619100AC6E32 /* Business */ = {
			isa = PBXGroup;
			children = (
				E08A4F932C2251630093FD6C /* LoginUseCase.swift */,
			);
			path = Business;
			sourceTree = "<group>";
		};
		E06F8D702C22619D00AC6E32 /* Presenter */ = {
			isa = PBXGroup;
			children = (
				E08A4FBF2C2252A90093FD6C /* LoginPresenter.swift */,
			);
			path = Presenter;
			sourceTree = "<group>";
		};
		E06F8D712C2261BA00AC6E32 /* Analytics */ = {
			isa = PBXGroup;
			children = (
				E08A4FC12C22535D0093FD6C /* LoginCrashlyticsTracker.swift */,
				E08A4FC32C2253D20093FD6C /* LoginFirebaseAnalyticsTracker.swift */,
			);
			path = Analytics;
			sourceTree = "<group>";
		};
		E06F8D722C2261C800AC6E32 /* Main */ = {
			isa = PBXGroup;
			children = (
				E08A4FC52C2258270093FD6C /* LoginUseCaseComposerDelegate.swift */,
			);
			path = Main;
			sourceTree = "<group>";
		};
		E06F8D732C2261D400AC6E32 /* Main */ = {
			isa = PBXGroup;
			children = (
				E08A4FA62C2251650093FD6C /* LoginUseCaseOutputComposerTests.swift */,
			);
			path = Main;
			sourceTree = "<group>";
		};
		E08A4F832C2251630093FD6C = {
			isa = PBXGroup;
			children = (
				E08A4F8E2C2251630093FD6C /* LoginArchitectureAndTests */,
				E08A4FA52C2251650093FD6C /* LoginArchitectureAndTestsTests */,
				E08A4FAF2C2251650093FD6C /* LoginArchitectureAndTestsUITests */,
				E08A4F8D2C2251630093FD6C /* Products */,
			);
			sourceTree = "<group>";
		};
		E08A4F8D2C2251630093FD6C /* Products */ = {
			isa = PBXGroup;
			children = (
				E08A4F8C2C2251630093FD6C /* LoginArchitectureAndTests.app */,
				E08A4FA22C2251650093FD6C /* LoginArchitectureAndTestsTests.xctest */,
				E08A4FAC2C2251650093FD6C /* LoginArchitectureAndTestsUITests.xctest */,
			);
			name = Products;
			sourceTree = "<group>";
		};
		E08A4F8E2C2251630093FD6C /* LoginArchitectureAndTests */ = {
			isa = PBXGroup;
			children = (
				E08A4F8F2C2251630093FD6C /* AppDelegate.swift */,
				E08A4F912C2251630093FD6C /* SceneDelegate.swift */,
				E06F8D6F2C22619100AC6E32 /* Business */,
				E06F8D702C22619D00AC6E32 /* Presenter */,
				E06F8D712C2261BA00AC6E32 /* Analytics */,
				E06F8D722C2261C800AC6E32 /* Main */,
				E08A4F952C2251630093FD6C /* Main.storyboard */,
				E08A4F982C2251650093FD6C /* Assets.xcassets */,
				E08A4F9A2C2251650093FD6C /* LaunchScreen.storyboard */,
				E08A4F9D2C2251650093FD6C /* Info.plist */,
			);
			path = LoginArchitectureAndTests;
			sourceTree = "<group>";
		};
		E08A4FA52C2251650093FD6C /* LoginArchitectureAndTestsTests */ = {
			isa = PBXGroup;
			children = (
				E06F8D732C2261D400AC6E32 /* Main */,
			);
			path = LoginArchitectureAndTestsTests;
			sourceTree = "<group>";
		};
		E08A4FAF2C2251650093FD6C /* LoginArchitectureAndTestsUITests */ = {
			isa = PBXGroup;
			children = (
				E08A4FB02C2251650093FD6C /* LoginArchitectureAndTestsUITests.swift */,
				E08A4FB22C2251650093FD6C /* LoginArchitectureAndTestsUITestsLaunchTests.swift */,
			);
			path = LoginArchitectureAndTestsUITests;
			sourceTree = "<group>";
		};
/* End PBXGroup section */

/* Begin PBXNativeTarget section */
		E08A4F8B2C2251630093FD6C /* LoginArchitectureAndTests */ = {
			isa = PBXNativeTarget;
			buildConfigurationList = E08A4FB62C2251650093FD6C /* Build configuration list for PBXNativeTarget "LoginArchitectureAndTests" */;
			buildPhases = (
				E08A4F882C2251630093FD6C /* Sources */,
				E08A4F892C2251630093FD6C /* Frameworks */,
				E08A4F8A2C2251630093FD6C /* Resources */,
			);
			buildRules = (
			);
			dependencies = (
			);
			name = LoginArchitectureAndTests;
			productName = LoginArchitectureAndTests;
			productReference = E08A4F8C2C2251630093FD6C /* LoginArchitectureAndTests.app */;
			productType = "com.apple.product-type.application";
		};
		E08A4FA12C2251650093FD6C /* LoginArchitectureAndTestsTests */ = {
			isa = PBXNativeTarget;
			buildConfigurationList = E08A4FB92C2251650093FD6C /* Build configuration list for PBXNativeTarget "LoginArchitectureAndTestsTests" */;
			buildPhases = (
				E08A4F9E2C2251650093FD6C /* Sources */,
				E08A4F9F2C2251650093FD6C /* Frameworks */,
				E08A4FA02C2251650093FD6C /* Resources */,
			);
			buildRules = (
			);
			dependencies = (
				E08A4FA42C2251650093FD6C /* PBXTargetDependency */,
			);
			name = LoginArchitectureAndTestsTests;
			productName = LoginArchitectureAndTestsTests;
			productReference = E08A4FA22C2251650093FD6C /* LoginArchitectureAndTestsTests.xctest */;
			productType = "com.apple.product-type.bundle.unit-test";
		};
		E08A4FAB2C2251650093FD6C /* LoginArchitectureAndTestsUITests */ = {
			isa = PBXNativeTarget;
			buildConfigurationList = E08A4FBC2C2251650093FD6C /* Build configuration list for PBXNativeTarget "LoginArchitectureAndTestsUITests" */;
			buildPhases = (
				E08A4FA82C2251650093FD6C /* Sources */,
				E08A4FA92C2251650093FD6C /* Frameworks */,
				E08A4FAA2C2251650093FD6C /* Resources */,
			);
			buildRules = (
			);
			dependencies = (
				E08A4FAE2C2251650093FD6C /* PBXTargetDependency */,
			);
			name = LoginArchitectureAndTestsUITests;
			productName = LoginArchitectureAndTestsUITests;
			productReference = E08A4FAC2C2251650093FD6C /* LoginArchitectureAndTestsUITests.xctest */;
			productType = "com.apple.product-type.bundle.ui-testing";
		};
/* End PBXNativeTarget section */

/* Begin PBXProject section */
		E08A4F842C2251630093FD6C /* Project object */ = {
			isa = PBXProject;
			attributes = {
				BuildIndependentTargetsInParallel = 1;
				LastSwiftUpdateCheck = 1420;
				LastUpgradeCheck = 1420;
				TargetAttributes = {
					E08A4F8B2C2251630093FD6C = {
						CreatedOnToolsVersion = 14.2;
					};
					E08A4FA12C2251650093FD6C = {
						CreatedOnToolsVersion = 14.2;
						TestTargetID = E08A4F8B2C2251630093FD6C;
					};
					E08A4FAB2C2251650093FD6C = {
						CreatedOnToolsVersion = 14.2;
						TestTargetID = E08A4F8B2C2251630093FD6C;
					};
				};
			};
			buildConfigurationList = E08A4F872C2251630093FD6C /* Build configuration list for PBXProject "LoginArchitectureAndTests" */;
			compatibilityVersion = "Xcode 14.0";
			developmentRegion = en;
			hasScannedForEncodings = 0;
			knownRegions = (
				en,
				Base,
			);
			mainGroup = E08A4F832C2251630093FD6C;
			productRefGroup = E08A4F8D2C2251630093FD6C /* Products */;
			projectDirPath = "";
			projectRoot = "";
			targets = (
				E08A4F8B2C2251630093FD6C /* LoginArchitectureAndTests */,
				E08A4FA12C2251650093FD6C /* LoginArchitectureAndTestsTests */,
				E08A4FAB2C2251650093FD6C /* LoginArchitectureAndTestsUITests */,
			);
		};
/* End PBXProject section */

/* Begin PBXResourcesBuildPhase section */
		E08A4F8A2C2251630093FD6C /* Resources */ = {
			isa = PBXResourcesBuildPhase;
			buildActionMask = 2147483647;
			files = (
				E08A4F9C2C2251650093FD6C /* LaunchScreen.storyboard in Resources */,
				E08A4F992C2251650093FD6C /* Assets.xcassets in Resources */,
				E08A4F972C2251630093FD6C /* Main.storyboard in Resources */,
			);
			runOnlyForDeploymentPostprocessing = 0;
		};
		E08A4FA02C2251650093FD6C /* Resources */ = {
			isa = PBXResourcesBuildPhase;
			buildActionMask = 2147483647;
			files = (
			);
			runOnlyForDeploymentPostprocessing = 0;
		};
		E08A4FAA2C2251650093FD6C /* Resources */ = {
			isa = PBXResourcesBuildPhase;
			buildActionMask = 2147483647;
			files = (
			);
			runOnlyForDeploymentPostprocessing = 0;
		};
/* End PBXResourcesBuildPhase section */

/* Begin PBXSourcesBuildPhase section */
		E08A4F882C2251630093FD6C /* Sources */ = {
			isa = PBXSourcesBuildPhase;
			buildActionMask = 2147483647;
			files = (
				E08A4FC22C22535D0093FD6C /* LoginCrashlyticsTracker.swift in Sources */,
				E08A4FC02C2252A90093FD6C /* LoginPresenter.swift in Sources */,
				E08A4FC42C2253D20093FD6C /* LoginFirebaseAnalyticsTracker.swift in Sources */,
				E08A4F942C2251630093FD6C /* LoginUseCase.swift in Sources */,
				E08A4FC62C2258270093FD6C /* LoginUseCaseComposerDelegate.swift in Sources */,
				E08A4F902C2251630093FD6C /* AppDelegate.swift in Sources */,
				E08A4F922C2251630093FD6C /* SceneDelegate.swift in Sources */,
			);
			runOnlyForDeploymentPostprocessing = 0;
		};
		E08A4F9E2C2251650093FD6C /* Sources */ = {
			isa = PBXSourcesBuildPhase;
			buildActionMask = 2147483647;
			files = (
				E08A4FA72C2251650093FD6C /* LoginUseCaseOutputComposerTests.swift in Sources */,
			);
			runOnlyForDeploymentPostprocessing = 0;
		};
		E08A4FA82C2251650093FD6C /* Sources */ = {
			isa = PBXSourcesBuildPhase;
			buildActionMask = 2147483647;
			files = (
				E08A4FB12C2251650093FD6C /* LoginArchitectureAndTestsUITests.swift in Sources */,
				E08A4FB32C2251650093FD6C /* LoginArchitectureAndTestsUITestsLaunchTests.swift in Sources */,
			);
			runOnlyForDeploymentPostprocessing = 0;
		};
/* End PBXSourcesBuildPhase section */

/* Begin PBXTargetDependency section */
		E08A4FA42C2251650093FD6C /* PBXTargetDependency */ = {
			isa = PBXTargetDependency;
			target = E08A4F8B2C2251630093FD6C /* LoginArchitectureAndTests */;
			targetProxy = E08A4FA32C2251650093FD6C /* PBXContainerItemProxy */;
		};
		E08A4FAE2C2251650093FD6C /* PBXTargetDependency */ = {
			isa = PBXTargetDependency;
			target = E08A4F8B2C2251630093FD6C /* LoginArchitectureAndTests */;
			targetProxy = E08A4FAD2C2251650093FD6C /* PBXContainerItemProxy */;
		};
/* End PBXTargetDependency section */

/* Begin PBXVariantGroup section */
		E08A4F952C2251630093FD6C /* Main.storyboard */ = {
			isa = PBXVariantGroup;
			children = (
				E08A4F962C2251630093FD6C /* Base */,
			);
			name = Main.storyboard;
			sourceTree = "<group>";
		};
		E08A4F9A2C2251650093FD6C /* LaunchScreen.storyboard */ = {
			isa = PBXVariantGroup;
			children = (
				E08A4F9B2C2251650093FD6C /* Base */,
			);
			name = LaunchScreen.storyboard;
			sourceTree = "<group>";
		};
/* End PBXVariantGroup section */

/* Begin XCBuildConfiguration section */
		E08A4FB42C2251650093FD6C /* Debug */ = {
			isa = XCBuildConfiguration;
			buildSettings = {
				ALWAYS_SEARCH_USER_PATHS = NO;
				CLANG_ANALYZER_NONNULL = YES;
				CLANG_ANALYZER_NUMBER_OBJECT_CONVERSION = YES_AGGRESSIVE;
				CLANG_CXX_LANGUAGE_STANDARD = "gnu++20";
				CLANG_ENABLE_MODULES = YES;
				CLANG_ENABLE_OBJC_ARC = YES;
				CLANG_ENABLE_OBJC_WEAK = YES;
				CLANG_WARN_BLOCK_CAPTURE_AUTORELEASING = YES;
				CLANG_WARN_BOOL_CONVERSION = YES;
				CLANG_WARN_COMMA = YES;
				CLANG_WARN_CONSTANT_CONVERSION = YES;
				CLANG_WARN_DEPRECATED_OBJC_IMPLEMENTATIONS = YES;
				CLANG_WARN_DIRECT_OBJC_ISA_USAGE = YES_ERROR;
				CLANG_WARN_DOCUMENTATION_COMMENTS = YES;
				CLANG_WARN_EMPTY_BODY = YES;
				CLANG_WARN_ENUM_CONVERSION = YES;
				CLANG_WARN_INFINITE_RECURSION = YES;
				CLANG_WARN_INT_CONVERSION = YES;
				CLANG_WARN_NON_LITERAL_NULL_CONVERSION = YES;
				CLANG_WARN_OBJC_IMPLICIT_RETAIN_SELF = YES;
				CLANG_WARN_OBJC_LITERAL_CONVERSION = YES;
				CLANG_WARN_OBJC_ROOT_CLASS = YES_ERROR;
				CLANG_WARN_QUOTED_INCLUDE_IN_FRAMEWORK_HEADER = YES;
				CLANG_WARN_RANGE_LOOP_ANALYSIS = YES;
				CLANG_WARN_STRICT_PROTOTYPES = YES;
				CLANG_WARN_SUSPICIOUS_MOVE = YES;
				CLANG_WARN_UNGUARDED_AVAILABILITY = YES_AGGRESSIVE;
				CLANG_WARN_UNREACHABLE_CODE = YES;
				CLANG_WARN__DUPLICATE_METHOD_MATCH = YES;
				COPY_PHASE_STRIP = NO;
				DEBUG_INFORMATION_FORMAT = dwarf;
				ENABLE_STRICT_OBJC_MSGSEND = YES;
				ENABLE_TESTABILITY = YES;
				GCC_C_LANGUAGE_STANDARD = gnu11;
				GCC_DYNAMIC_NO_PIC = NO;
				GCC_NO_COMMON_BLOCKS = YES;
				GCC_OPTIMIZATION_LEVEL = 0;
				GCC_PREPROCESSOR_DEFINITIONS = (
					"DEBUG=1",
					"$(inherited)",
				);
				GCC_WARN_64_TO_32_BIT_CONVERSION = YES;
				GCC_WARN_ABOUT_RETURN_TYPE = YES_ERROR;
				GCC_WARN_UNDECLARED_SELECTOR = YES;
				GCC_WARN_UNINITIALIZED_AUTOS = YES_AGGRESSIVE;
				GCC_WARN_UNUSED_FUNCTION = YES;
				GCC_WARN_UNUSED_VARIABLE = YES;
				IPHONEOS_DEPLOYMENT_TARGET = 16.2;
				MTL_ENABLE_DEBUG_INFO = INCLUDE_SOURCE;
				MTL_FAST_MATH = YES;
				ONLY_ACTIVE_ARCH = YES;
				SDKROOT = iphoneos;
				SWIFT_ACTIVE_COMPILATION_CONDITIONS = DEBUG;
				SWIFT_OPTIMIZATION_LEVEL = "-Onone";
			};
			name = Debug;
		};
		E08A4FB52C2251650093FD6C /* Release */ = {
			isa = XCBuildConfiguration;
			buildSettings = {
				ALWAYS_SEARCH_USER_PATHS = NO;
				CLANG_ANALYZER_NONNULL = YES;
				CLANG_ANALYZER_NUMBER_OBJECT_CONVERSION = YES_AGGRESSIVE;
				CLANG_CXX_LANGUAGE_STANDARD = "gnu++20";
				CLANG_ENABLE_MODULES = YES;
				CLANG_ENABLE_OBJC_ARC = YES;
				CLANG_ENABLE_OBJC_WEAK = YES;
				CLANG_WARN_BLOCK_CAPTURE_AUTORELEASING = YES;
				CLANG_WARN_BOOL_CONVERSION = YES;
				CLANG_WARN_COMMA = YES;
				CLANG_WARN_CONSTANT_CONVERSION = YES;
				CLANG_WARN_DEPRECATED_OBJC_IMPLEMENTATIONS = YES;
				CLANG_WARN_DIRECT_OBJC_ISA_USAGE = YES_ERROR;
				CLANG_WARN_DOCUMENTATION_COMMENTS = YES;
				CLANG_WARN_EMPTY_BODY = YES;
				CLANG_WARN_ENUM_CONVERSION = YES;
				CLANG_WARN_INFINITE_RECURSION = YES;
				CLANG_WARN_INT_CONVERSION = YES;
				CLANG_WARN_NON_LITERAL_NULL_CONVERSION = YES;
				CLANG_WARN_OBJC_IMPLICIT_RETAIN_SELF = YES;
				CLANG_WARN_OBJC_LITERAL_CONVERSION = YES;
				CLANG_WARN_OBJC_ROOT_CLASS = YES_ERROR;
				CLANG_WARN_QUOTED_INCLUDE_IN_FRAMEWORK_HEADER = YES;
				CLANG_WARN_RANGE_LOOP_ANALYSIS = YES;
				CLANG_WARN_STRICT_PROTOTYPES = YES;
				CLANG_WARN_SUSPICIOUS_MOVE = YES;
				CLANG_WARN_UNGUARDED_AVAILABILITY = YES_AGGRESSIVE;
				CLANG_WARN_UNREACHABLE_CODE = YES;
				CLANG_WARN__DUPLICATE_METHOD_MATCH = YES;
				COPY_PHASE_STRIP = NO;
				DEBUG_INFORMATION_FORMAT = "dwarf-with-dsym";
				ENABLE_NS_ASSERTIONS = NO;
				ENABLE_STRICT_OBJC_MSGSEND = YES;
				GCC_C_LANGUAGE_STANDARD = gnu11;
				GCC_NO_COMMON_BLOCKS = YES;
				GCC_WARN_64_TO_32_BIT_CONVERSION = YES;
				GCC_WARN_ABOUT_RETURN_TYPE = YES_ERROR;
				GCC_WARN_UNDECLARED_SELECTOR = YES;
				GCC_WARN_UNINITIALIZED_AUTOS = YES_AGGRESSIVE;
				GCC_WARN_UNUSED_FUNCTION = YES;
				GCC_WARN_UNUSED_VARIABLE = YES;
				IPHONEOS_DEPLOYMENT_TARGET = 16.2;
				MTL_ENABLE_DEBUG_INFO = NO;
				MTL_FAST_MATH = YES;
				SDKROOT = iphoneos;
				SWIFT_COMPILATION_MODE = wholemodule;
				SWIFT_OPTIMIZATION_LEVEL = "-O";
				VALIDATE_PRODUCT = YES;
			};
			name = Release;
		};
		E08A4FB72C2251650093FD6C /* Debug */ = {
			isa = XCBuildConfiguration;
			buildSettings = {
				ASSETCATALOG_COMPILER_APPICON_NAME = AppIcon;
				ASSETCATALOG_COMPILER_GLOBAL_ACCENT_COLOR_NAME = AccentColor;
				CODE_SIGN_STYLE = Automatic;
				CURRENT_PROJECT_VERSION = 1;
				DEVELOPMENT_TEAM = 49JALL59SS;
				GENERATE_INFOPLIST_FILE = YES;
				INFOPLIST_FILE = LoginArchitectureAndTests/Info.plist;
				INFOPLIST_KEY_UIApplicationSupportsIndirectInputEvents = YES;
				INFOPLIST_KEY_UILaunchStoryboardName = LaunchScreen;
				INFOPLIST_KEY_UIMainStoryboardFile = Main;
				INFOPLIST_KEY_UISupportedInterfaceOrientations_iPad = "UIInterfaceOrientationPortrait UIInterfaceOrientationPortraitUpsideDown UIInterfaceOrientationLandscapeLeft UIInterfaceOrientationLandscapeRight";
				INFOPLIST_KEY_UISupportedInterfaceOrientations_iPhone = "UIInterfaceOrientationPortrait UIInterfaceOrientationLandscapeLeft UIInterfaceOrientationLandscapeRight";
				LD_RUNPATH_SEARCH_PATHS = (
					"$(inherited)",
					"@executable_path/Frameworks",
				);
				MARKETING_VERSION = 1.0;
				PRODUCT_BUNDLE_IDENTIFIER = com.jj.LAT.LoginArchitectureAndTests;
				PRODUCT_NAME = "$(TARGET_NAME)";
				SWIFT_EMIT_LOC_STRINGS = YES;
				SWIFT_VERSION = 5.0;
				TARGETED_DEVICE_FAMILY = "1,2";
			};
			name = Debug;
		};
		E08A4FB82C2251650093FD6C /* Release */ = {
			isa = XCBuildConfiguration;
			buildSettings = {
				ASSETCATALOG_COMPILER_APPICON_NAME = AppIcon;
				ASSETCATALOG_COMPILER_GLOBAL_ACCENT_COLOR_NAME = AccentColor;
				CODE_SIGN_STYLE = Automatic;
				CURRENT_PROJECT_VERSION = 1;
				DEVELOPMENT_TEAM = 49JALL59SS;
				GENERATE_INFOPLIST_FILE = YES;
				INFOPLIST_FILE = LoginArchitectureAndTests/Info.plist;
				INFOPLIST_KEY_UIApplicationSupportsIndirectInputEvents = YES;
				INFOPLIST_KEY_UILaunchStoryboardName = LaunchScreen;
				INFOPLIST_KEY_UIMainStoryboardFile = Main;
				INFOPLIST_KEY_UISupportedInterfaceOrientations_iPad = "UIInterfaceOrientationPortrait UIInterfaceOrientationPortraitUpsideDown UIInterfaceOrientationLandscapeLeft UIInterfaceOrientationLandscapeRight";
				INFOPLIST_KEY_UISupportedInterfaceOrientations_iPhone = "UIInterfaceOrientationPortrait UIInterfaceOrientationLandscapeLeft UIInterfaceOrientationLandscapeRight";
				LD_RUNPATH_SEARCH_PATHS = (
					"$(inherited)",
					"@executable_path/Frameworks",
				);
				MARKETING_VERSION = 1.0;
				PRODUCT_BUNDLE_IDENTIFIER = com.jj.LAT.LoginArchitectureAndTests;
				PRODUCT_NAME = "$(TARGET_NAME)";
				SWIFT_EMIT_LOC_STRINGS = YES;
				SWIFT_VERSION = 5.0;
				TARGETED_DEVICE_FAMILY = "1,2";
			};
			name = Release;
		};
		E08A4FBA2C2251650093FD6C /* Debug */ = {
			isa = XCBuildConfiguration;
			buildSettings = {
				ALWAYS_EMBED_SWIFT_STANDARD_LIBRARIES = YES;
				BUNDLE_LOADER = "$(TEST_HOST)";
				CODE_SIGN_STYLE = Automatic;
				CURRENT_PROJECT_VERSION = 1;
				DEVELOPMENT_TEAM = 49JALL59SS;
				GENERATE_INFOPLIST_FILE = YES;
				IPHONEOS_DEPLOYMENT_TARGET = 16.2;
				MARKETING_VERSION = 1.0;
				PRODUCT_BUNDLE_IDENTIFIER = com.jj.LAT.LoginArchitectureAndTestsTests;
				PRODUCT_NAME = "$(TARGET_NAME)";
				SWIFT_EMIT_LOC_STRINGS = NO;
				SWIFT_VERSION = 5.0;
				TARGETED_DEVICE_FAMILY = "1,2";
				TEST_HOST = "$(BUILT_PRODUCTS_DIR)/LoginArchitectureAndTests.app/$(BUNDLE_EXECUTABLE_FOLDER_PATH)/LoginArchitectureAndTests";
			};
			name = Debug;
		};
		E08A4FBB2C2251650093FD6C /* Release */ = {
			isa = XCBuildConfiguration;
			buildSettings = {
				ALWAYS_EMBED_SWIFT_STANDARD_LIBRARIES = YES;
				BUNDLE_LOADER = "$(TEST_HOST)";
				CODE_SIGN_STYLE = Automatic;
				CURRENT_PROJECT_VERSION = 1;
				DEVELOPMENT_TEAM = 49JALL59SS;
				GENERATE_INFOPLIST_FILE = YES;
				IPHONEOS_DEPLOYMENT_TARGET = 16.2;
				MARKETING_VERSION = 1.0;
				PRODUCT_BUNDLE_IDENTIFIER = com.jj.LAT.LoginArchitectureAndTestsTests;
				PRODUCT_NAME = "$(TARGET_NAME)";
				SWIFT_EMIT_LOC_STRINGS = NO;
				SWIFT_VERSION = 5.0;
				TARGETED_DEVICE_FAMILY = "1,2";
				TEST_HOST = "$(BUILT_PRODUCTS_DIR)/LoginArchitectureAndTests.app/$(BUNDLE_EXECUTABLE_FOLDER_PATH)/LoginArchitectureAndTests";
			};
			name = Release;
		};
		E08A4FBD2C2251650093FD6C /* Debug */ = {
			isa = XCBuildConfiguration;
			buildSettings = {
				ALWAYS_EMBED_SWIFT_STANDARD_LIBRARIES = YES;
				CODE_SIGN_STYLE = Automatic;
				CURRENT_PROJECT_VERSION = 1;
				DEVELOPMENT_TEAM = 49JALL59SS;
				GENERATE_INFOPLIST_FILE = YES;
				MARKETING_VERSION = 1.0;
				PRODUCT_BUNDLE_IDENTIFIER = com.jj.LAT.LoginArchitectureAndTestsUITests;
				PRODUCT_NAME = "$(TARGET_NAME)";
				SWIFT_EMIT_LOC_STRINGS = NO;
				SWIFT_VERSION = 5.0;
				TARGETED_DEVICE_FAMILY = "1,2";
				TEST_TARGET_NAME = LoginArchitectureAndTests;
			};
			name = Debug;
		};
		E08A4FBE2C2251650093FD6C /* Release */ = {
			isa = XCBuildConfiguration;
			buildSettings = {
				ALWAYS_EMBED_SWIFT_STANDARD_LIBRARIES = YES;
				CODE_SIGN_STYLE = Automatic;
				CURRENT_PROJECT_VERSION = 1;
				DEVELOPMENT_TEAM = 49JALL59SS;
				GENERATE_INFOPLIST_FILE = YES;
				MARKETING_VERSION = 1.0;
				PRODUCT_BUNDLE_IDENTIFIER = com.jj.LAT.LoginArchitectureAndTestsUITests;
				PRODUCT_NAME = "$(TARGET_NAME)";
				SWIFT_EMIT_LOC_STRINGS = NO;
				SWIFT_VERSION = 5.0;
				TARGETED_DEVICE_FAMILY = "1,2";
				TEST_TARGET_NAME = LoginArchitectureAndTests;
			};
			name = Release;
		};
/* End XCBuildConfiguration section */

/* Begin XCConfigurationList section */
		E08A4F872C2251630093FD6C /* Build configuration list for PBXProject "LoginArchitectureAndTests" */ = {
			isa = XCConfigurationList;
			buildConfigurations = (
				E08A4FB42C2251650093FD6C /* Debug */,
				E08A4FB52C2251650093FD6C /* Release */,
			);
			defaultConfigurationIsVisible = 0;
			defaultConfigurationName = Release;
		};
		E08A4FB62C2251650093FD6C /* Build configuration list for PBXNativeTarget "LoginArchitectureAndTests" */ = {
			isa = XCConfigurationList;
			buildConfigurations = (
				E08A4FB72C2251650093FD6C /* Debug */,
				E08A4FB82C2251650093FD6C /* Release */,
			);
			defaultConfigurationIsVisible = 0;
			defaultConfigurationName = Release;
		};
		E08A4FB92C2251650093FD6C /* Build configuration list for PBXNativeTarget "LoginArchitectureAndTestsTests" */ = {
			isa = XCConfigurationList;
			buildConfigurations = (
				E08A4FBA2C2251650093FD6C /* Debug */,
				E08A4FBB2C2251650093FD6C /* Release */,
			);
			defaultConfigurationIsVisible = 0;
			defaultConfigurationName = Release;
		};
		E08A4FBC2C2251650093FD6C /* Build configuration list for PBXNativeTarget "LoginArchitectureAndTestsUITests" */ = {
			isa = XCConfigurationList;
			buildConfigurations = (
				E08A4FBD2C2251650093FD6C /* Debug */,
				E08A4FBE2C2251650093FD6C /* Release */,
			);
			defaultConfigurationIsVisible = 0;
			defaultConfigurationName = Release;
		};
/* End XCConfigurationList section */
	};
	rootObject = E08A4F842C2251630093FD6C /* Project object */;
}
